
Microsoft Visual Studio Solution File, Format Version 12.00
# Visual Studio Version 16
VisualStudioVersion = 16.0.29025.244
MinimumVisualStudioVersion = 10.0.40219.1
Project("{FAE04EC0-301F-11D3-BF4B-00C04F79EFBC}") = "vivo-docker-notes-scripts", "vivo-docker-notes-scripts\vivo-docker-notes-scripts.csproj", "{A63C248B-F452-4AB5-966A-2F9C74671001}"
EndProject
Global
	GlobalSection(SolutionConfigurationPlatforms) = preSolution
		Debug|Any CPU = Debug|Any CPU
		Release|Any CPU = Release|Any CPU
	EndGlobalSection
	GlobalSection(ProjectConfigurationPlatforms) = postSolution
		{A63C248B-F452-4AB5-966A-2F9C74671001}.Debug|Any CPU.ActiveCfg = Debug|Any CPU
		{A63C248B-F452-4AB5-966A-2F9C74671001}.Debug|Any CPU.Build.0 = Debug|Any CPU
		{A63C248B-F452-4AB5-966A-2F9C74671001}.Release|Any CPU.ActiveCfg = Release|Any CPU
		{A63C248B-F452-4AB5-966A-2F9C74671001}.Release|Any CPU.Build.0 = Release|Any CPU
	EndGlobalSection
	GlobalSection(SolutionProperties) = preSolution
		HideSolutionNode = FALSE
	EndGlobalSection
	GlobalSection(ExtensibilityGlobals) = postSolution
		SolutionGuid = {EEF0B2B0-E9A9-4728-ADC0-1E7BF97BE63A}
	EndGlobalSection
EndGlobal
